// !$*UTF8*$!
{
	archiveVersion = 1;
	classes = {
	};
	objectVersion = 56;
	objects = {

/* Begin PBXBuildFile section */
		D9B0C4822A83549200F71099 /* RegisterViewModel.swift in Sources */ = {isa = PBXBuildFile; fileRef = D9B0C4812A83549200F71099 /* RegisterViewModel.swift */; };
		D9B0C48B2A83E21C00F71099 /* ContentViewModel.swift in Sources */ = {isa = PBXBuildFile; fileRef = D9B0C48A2A83E21C00F71099 /* ContentViewModel.swift */; };
		D9B0C48D2A83E67500F71099 /* GoogleService-Info.plist in Resources */ = {isa = PBXBuildFile; fileRef = D9B0C48C2A83E67400F71099 /* GoogleService-Info.plist */; };
		D9B0C4902A83E6BC00F71099 /* User.swift in Sources */ = {isa = PBXBuildFile; fileRef = D9B0C48F2A83E6BC00F71099 /* User.swift */; };
		D9F2D3252A82E197005BE1E4 /* MessageLearnApp.swift in Sources */ = {isa = PBXBuildFile; fileRef = D9F2D3242A82E197005BE1E4 /* MessageLearnApp.swift */; };
		D9F2D3272A82E197005BE1E4 /* ContentView.swift in Sources */ = {isa = PBXBuildFile; fileRef = D9F2D3262A82E197005BE1E4 /* ContentView.swift */; };
		D9F2D3292A82E198005BE1E4 /* Assets.xcassets in Resources */ = {isa = PBXBuildFile; fileRef = D9F2D3282A82E198005BE1E4 /* Assets.xcassets */; };
		D9F2D32C2A82E198005BE1E4 /* Preview Assets.xcassets in Resources */ = {isa = PBXBuildFile; fileRef = D9F2D32B2A82E198005BE1E4 /* Preview Assets.xcassets */; };
		D9F2D3332A82E2EF005BE1E4 /* LoginView.swift in Sources */ = {isa = PBXBuildFile; fileRef = D9F2D3322A82E2EF005BE1E4 /* LoginView.swift */; };
		D9F2D3382A82E8FF005BE1E4 /* RegisterView.swift in Sources */ = {isa = PBXBuildFile; fileRef = D9F2D3372A82E8FF005BE1E4 /* RegisterView.swift */; };
		D9F2D33B2A82EBEC005BE1E4 /* InboxView.swift in Sources */ = {isa = PBXBuildFile; fileRef = D9F2D33A2A82EBEC005BE1E4 /* InboxView.swift */; };
		D9F2D33E2A82ED10005BE1E4 /* ActiveNowView.swift in Sources */ = {isa = PBXBuildFile; fileRef = D9F2D33D2A82ED10005BE1E4 /* ActiveNowView.swift */; };
		D9F2D3402A82EFF7005BE1E4 /* InboxRowView.swift in Sources */ = {isa = PBXBuildFile; fileRef = D9F2D33F2A82EFF7005BE1E4 /* InboxRowView.swift */; };
		D9F2D3432A82F58C005BE1E4 /* NewMessageView.swift in Sources */ = {isa = PBXBuildFile; fileRef = D9F2D3422A82F58C005BE1E4 /* NewMessageView.swift */; };
		D9F2D3462A82F85C005BE1E4 /* ProfileView.swift in Sources */ = {isa = PBXBuildFile; fileRef = D9F2D3452A82F85C005BE1E4 /* ProfileView.swift */; };
		D9F2D3482A82FA70005BE1E4 /* SettingsOptionsViewModel.swift in Sources */ = {isa = PBXBuildFile; fileRef = D9F2D3472A82FA70005BE1E4 /* SettingsOptionsViewModel.swift */; };
		D9F2D34A2A82FE0B005BE1E4 /* ProfileViewModel.swift in Sources */ = {isa = PBXBuildFile; fileRef = D9F2D3492A82FE0B005BE1E4 /* ProfileViewModel.swift */; };
		D9F2D3512A832768005BE1E4 /* CircularProfileImageView.swift in Sources */ = {isa = PBXBuildFile; fileRef = D9F2D3502A832768005BE1E4 /* CircularProfileImageView.swift */; };
		D9F2D3542A832C28005BE1E4 /* ChatView.swift in Sources */ = {isa = PBXBuildFile; fileRef = D9F2D3532A832C28005BE1E4 /* ChatView.swift */; };
		D9F2D3562A83336B005BE1E4 /* ChatMessageCell.swift in Sources */ = {isa = PBXBuildFile; fileRef = D9F2D3552A83336B005BE1E4 /* ChatMessageCell.swift */; };
		D9F2D3582A8336FD005BE1E4 /* ChatBubble.swift in Sources */ = {isa = PBXBuildFile; fileRef = D9F2D3572A8336FC005BE1E4 /* ChatBubble.swift */; };
		D9F2D35D2A834D29005BE1E4 /* FirebaseAuth in Frameworks */ = {isa = PBXBuildFile; productRef = D9F2D35C2A834D29005BE1E4 /* FirebaseAuth */; };
		D9F2D35F2A834D29005BE1E4 /* FirebaseFirestore in Frameworks */ = {isa = PBXBuildFile; productRef = D9F2D35E2A834D29005BE1E4 /* FirebaseFirestore */; };
		D9F2D3612A834D29005BE1E4 /* FirebaseFirestoreSwift in Frameworks */ = {isa = PBXBuildFile; productRef = D9F2D3602A834D29005BE1E4 /* FirebaseFirestoreSwift */; };
		D9F2D3632A834D29005BE1E4 /* FirebaseStorage in Frameworks */ = {isa = PBXBuildFile; productRef = D9F2D3622A834D29005BE1E4 /* FirebaseStorage */; };
		D9F2D3662A834F1F005BE1E4 /* AuthService.swift in Sources */ = {isa = PBXBuildFile; fileRef = D9F2D3652A834F1F005BE1E4 /* AuthService.swift */; };
		D9F2D36A2A835091005BE1E4 /* LoginViewModel.swift in Sources */ = {isa = PBXBuildFile; fileRef = D9F2D3692A835091005BE1E4 /* LoginViewModel.swift */; };
/* End PBXBuildFile section */

/* Begin PBXFileReference section */
		D9B0C4812A83549200F71099 /* RegisterViewModel.swift */ = {isa = PBXFileReference; lastKnownFileType = sourcecode.swift; path = RegisterViewModel.swift; sourceTree = "<group>"; };
		D9B0C48A2A83E21C00F71099 /* ContentViewModel.swift */ = {isa = PBXFileReference; lastKnownFileType = sourcecode.swift; path = ContentViewModel.swift; sourceTree = "<group>"; };
		D9B0C48C2A83E67400F71099 /* GoogleService-Info.plist */ = {isa = PBXFileReference; fileEncoding = 4; lastKnownFileType = text.plist.xml; path = "GoogleService-Info.plist"; sourceTree = "<group>"; };
		D9B0C48F2A83E6BC00F71099 /* User.swift */ = {isa = PBXFileReference; lastKnownFileType = sourcecode.swift; path = User.swift; sourceTree = "<group>"; };
		D9F2D3212A82E197005BE1E4 /* MessageLearn.app */ = {isa = PBXFileReference; explicitFileType = wrapper.application; includeInIndex = 0; path = MessageLearn.app; sourceTree = BUILT_PRODUCTS_DIR; };
		D9F2D3242A82E197005BE1E4 /* MessageLearnApp.swift */ = {isa = PBXFileReference; lastKnownFileType = sourcecode.swift; path = MessageLearnApp.swift; sourceTree = "<group>"; };
		D9F2D3262A82E197005BE1E4 /* ContentView.swift */ = {isa = PBXFileReference; lastKnownFileType = sourcecode.swift; path = ContentView.swift; sourceTree = "<group>"; };
		D9F2D3282A82E198005BE1E4 /* Assets.xcassets */ = {isa = PBXFileReference; lastKnownFileType = folder.assetcatalog; path = Assets.xcassets; sourceTree = "<group>"; };
		D9F2D32B2A82E198005BE1E4 /* Preview Assets.xcassets */ = {isa = PBXFileReference; lastKnownFileType = folder.assetcatalog; path = "Preview Assets.xcassets"; sourceTree = "<group>"; };
		D9F2D3322A82E2EF005BE1E4 /* LoginView.swift */ = {isa = PBXFileReference; lastKnownFileType = sourcecode.swift; path = LoginView.swift; sourceTree = "<group>"; };
		D9F2D3372A82E8FF005BE1E4 /* RegisterView.swift */ = {isa = PBXFileReference; lastKnownFileType = sourcecode.swift; path = RegisterView.swift; sourceTree = "<group>"; };
		D9F2D33A2A82EBEC005BE1E4 /* InboxView.swift */ = {isa = PBXFileReference; lastKnownFileType = sourcecode.swift; path = InboxView.swift; sourceTree = "<group>"; };
		D9F2D33D2A82ED10005BE1E4 /* ActiveNowView.swift */ = {isa = PBXFileReference; lastKnownFileType = sourcecode.swift; path = ActiveNowView.swift; sourceTree = "<group>"; };
		D9F2D33F2A82EFF7005BE1E4 /* InboxRowView.swift */ = {isa = PBXFileReference; lastKnownFileType = sourcecode.swift; path = InboxRowView.swift; sourceTree = "<group>"; };
		D9F2D3422A82F58C005BE1E4 /* NewMessageView.swift */ = {isa = PBXFileReference; lastKnownFileType = sourcecode.swift; path = NewMessageView.swift; sourceTree = "<group>"; };
		D9F2D3452A82F85C005BE1E4 /* ProfileView.swift */ = {isa = PBXFileReference; lastKnownFileType = sourcecode.swift; path = ProfileView.swift; sourceTree = "<group>"; };
		D9F2D3472A82FA70005BE1E4 /* SettingsOptionsViewModel.swift */ = {isa = PBXFileReference; lastKnownFileType = sourcecode.swift; path = SettingsOptionsViewModel.swift; sourceTree = "<group>"; };
		D9F2D3492A82FE0B005BE1E4 /* ProfileViewModel.swift */ = {isa = PBXFileReference; lastKnownFileType = sourcecode.swift; path = ProfileViewModel.swift; sourceTree = "<group>"; };
		D9F2D3502A832768005BE1E4 /* CircularProfileImageView.swift */ = {isa = PBXFileReference; lastKnownFileType = sourcecode.swift; path = CircularProfileImageView.swift; sourceTree = "<group>"; };
		D9F2D3532A832C28005BE1E4 /* ChatView.swift */ = {isa = PBXFileReference; lastKnownFileType = sourcecode.swift; path = ChatView.swift; sourceTree = "<group>"; };
		D9F2D3552A83336B005BE1E4 /* ChatMessageCell.swift */ = {isa = PBXFileReference; lastKnownFileType = sourcecode.swift; path = ChatMessageCell.swift; sourceTree = "<group>"; };
		D9F2D3572A8336FC005BE1E4 /* ChatBubble.swift */ = {isa = PBXFileReference; lastKnownFileType = sourcecode.swift; path = ChatBubble.swift; sourceTree = "<group>"; };
		D9F2D3652A834F1F005BE1E4 /* AuthService.swift */ = {isa = PBXFileReference; lastKnownFileType = sourcecode.swift; path = AuthService.swift; sourceTree = "<group>"; };
		D9F2D3692A835091005BE1E4 /* LoginViewModel.swift */ = {isa = PBXFileReference; lastKnownFileType = sourcecode.swift; path = LoginViewModel.swift; sourceTree = "<group>"; };
/* End PBXFileReference section */

/* Begin PBXFrameworksBuildPhase section */
		D9F2D31E2A82E197005BE1E4 /* Frameworks */ = {
			isa = PBXFrameworksBuildPhase;
			buildActionMask = 2147483647;
			files = (
				D9F2D35D2A834D29005BE1E4 /* FirebaseAuth in Frameworks */,
				D9F2D3632A834D29005BE1E4 /* FirebaseStorage in Frameworks */,
				D9F2D35F2A834D29005BE1E4 /* FirebaseFirestore in Frameworks */,
				D9F2D3612A834D29005BE1E4 /* FirebaseFirestoreSwift in Frameworks */,
			);
			runOnlyForDeploymentPostprocessing = 0;
		};
/* End PBXFrameworksBuildPhase section */

/* Begin PBXGroup section */
		D9B0C4892A83E1CE00F71099 /* Root */ = {
			isa = PBXGroup;
			children = (
				D9F2D3262A82E197005BE1E4 /* ContentView.swift */,
				D9B0C48A2A83E21C00F71099 /* ContentViewModel.swift */,
			);
			path = Root;
			sourceTree = "<group>";
		};
		D9B0C48E2A83E6B200F71099 /* Model */ = {
			isa = PBXGroup;
			children = (
				D9B0C48F2A83E6BC00F71099 /* User.swift */,
			);
			path = Model;
			sourceTree = "<group>";
		};
		D9F2D3182A82E197005BE1E4 = {
			isa = PBXGroup;
			children = (
				D9F2D3232A82E197005BE1E4 /* MessageLearn */,
				D9F2D3222A82E197005BE1E4 /* Products */,
			);
			sourceTree = "<group>";
		};
		D9F2D3222A82E197005BE1E4 /* Products */ = {
			isa = PBXGroup;
			children = (
				D9F2D3212A82E197005BE1E4 /* MessageLearn.app */,
			);
			name = Products;
			sourceTree = "<group>";
		};
		D9F2D3232A82E197005BE1E4 /* MessageLearn */ = {
			isa = PBXGroup;
			children = (
				D9F2D3642A834D66005BE1E4 /* App */,
				D9F2D3342A82E308005BE1E4 /* Core */,
				D9F2D34F2A83272A005BE1E4 /* Service */,
				D9B0C48E2A83E6B200F71099 /* Model */,
				D9F2D3282A82E198005BE1E4 /* Assets.xcassets */,
				D9B0C48C2A83E67400F71099 /* GoogleService-Info.plist */,
				D9F2D32A2A82E198005BE1E4 /* Preview Content */,
			);
			path = MessageLearn;
			sourceTree = "<group>";
		};
		D9F2D32A2A82E198005BE1E4 /* Preview Content */ = {
			isa = PBXGroup;
			children = (
				D9F2D32B2A82E198005BE1E4 /* Preview Assets.xcassets */,
			);
			path = "Preview Content";
			sourceTree = "<group>";
		};
		D9F2D3342A82E308005BE1E4 /* Core */ = {
			isa = PBXGroup;
			children = (
				D9F2D3522A832C1A005BE1E4 /* Chat */,
				D9F2D33C2A82ECEF005BE1E4 /* ActiveNow */,
				D9F2D3352A82E319005BE1E4 /* Authority */,
				D9F2D34E2A8326F8005BE1E4 /* Components */,
				D9F2D3392A82EBD5005BE1E4 /* Inbox */,
				D9F2D3412A82F573005BE1E4 /* NewMessage */,
				D9F2D3442A82F84B005BE1E4 /* Profile */,
				D9B0C4892A83E1CE00F71099 /* Root */,
			);
			path = Core;
			sourceTree = "<group>";
		};
		D9F2D3352A82E319005BE1E4 /* Authority */ = {
			isa = PBXGroup;
			children = (
				D9F2D3682A834FC6005BE1E4 /* Service */,
				D9F2D3672A834FBB005BE1E4 /* ViewModel */,
				D9F2D3362A82E893005BE1E4 /* View */,
			);
			path = Authority;
			sourceTree = "<group>";
		};
		D9F2D3362A82E893005BE1E4 /* View */ = {
			isa = PBXGroup;
			children = (
				D9F2D3322A82E2EF005BE1E4 /* LoginView.swift */,
				D9F2D3372A82E8FF005BE1E4 /* RegisterView.swift */,
			);
			path = View;
			sourceTree = "<group>";
		};
		D9F2D3392A82EBD5005BE1E4 /* Inbox */ = {
			isa = PBXGroup;
			children = (
				D9F2D33A2A82EBEC005BE1E4 /* InboxView.swift */,
				D9F2D33F2A82EFF7005BE1E4 /* InboxRowView.swift */,
			);
			path = Inbox;
			sourceTree = "<group>";
		};
		D9F2D33C2A82ECEF005BE1E4 /* ActiveNow */ = {
			isa = PBXGroup;
			children = (
				D9F2D33D2A82ED10005BE1E4 /* ActiveNowView.swift */,
			);
			path = ActiveNow;
			sourceTree = "<group>";
		};
		D9F2D3412A82F573005BE1E4 /* NewMessage */ = {
			isa = PBXGroup;
			children = (
				D9F2D3422A82F58C005BE1E4 /* NewMessageView.swift */,
			);
			path = NewMessage;
			sourceTree = "<group>";
		};
		D9F2D3442A82F84B005BE1E4 /* Profile */ = {
			isa = PBXGroup;
			children = (
				D9F2D3452A82F85C005BE1E4 /* ProfileView.swift */,
				D9F2D3472A82FA70005BE1E4 /* SettingsOptionsViewModel.swift */,
				D9F2D3492A82FE0B005BE1E4 /* ProfileViewModel.swift */,
			);
			path = Profile;
			sourceTree = "<group>";
		};
		D9F2D34E2A8326F8005BE1E4 /* Components */ = {
			isa = PBXGroup;
			children = (
				D9F2D3502A832768005BE1E4 /* CircularProfileImageView.swift */,
			);
			path = Components;
			sourceTree = "<group>";
		};
		D9F2D34F2A83272A005BE1E4 /* Service */ = {
			isa = PBXGroup;
			children = (
			);
			path = Service;
			sourceTree = "<group>";
		};
		D9F2D3522A832C1A005BE1E4 /* Chat */ = {
			isa = PBXGroup;
			children = (
				D9F2D3532A832C28005BE1E4 /* ChatView.swift */,
				D9F2D3552A83336B005BE1E4 /* ChatMessageCell.swift */,
				D9F2D3572A8336FC005BE1E4 /* ChatBubble.swift */,
			);
			path = Chat;
			sourceTree = "<group>";
		};
		D9F2D3642A834D66005BE1E4 /* App */ = {
			isa = PBXGroup;
			children = (
				D9F2D3242A82E197005BE1E4 /* MessageLearnApp.swift */,
			);
			path = App;
			sourceTree = "<group>";
		};
		D9F2D3672A834FBB005BE1E4 /* ViewModel */ = {
			isa = PBXGroup;
			children = (
				D9F2D3692A835091005BE1E4 /* LoginViewModel.swift */,
				D9B0C4812A83549200F71099 /* RegisterViewModel.swift */,
			);
			path = ViewModel;
			sourceTree = "<group>";
		};
		D9F2D3682A834FC6005BE1E4 /* Service */ = {
			isa = PBXGroup;
			children = (
				D9F2D3652A834F1F005BE1E4 /* AuthService.swift */,
			);
			path = Service;
			sourceTree = "<group>";
		};
/* End PBXGroup section */

/* Begin PBXNativeTarget section */
		D9F2D3202A82E197005BE1E4 /* MessageLearn */ = {
			isa = PBXNativeTarget;
			buildConfigurationList = D9F2D32F2A82E198005BE1E4 /* Build configuration list for PBXNativeTarget "MessageLearn" */;
			buildPhases = (
				D9F2D31D2A82E197005BE1E4 /* Sources */,
				D9F2D31E2A82E197005BE1E4 /* Frameworks */,
				D9F2D31F2A82E197005BE1E4 /* Resources */,
			);
			buildRules = (
			);
			dependencies = (
			);
			name = MessageLearn;
			packageProductDependencies = (
				D9F2D35C2A834D29005BE1E4 /* FirebaseAuth */,
				D9F2D35E2A834D29005BE1E4 /* FirebaseFirestore */,
				D9F2D3602A834D29005BE1E4 /* FirebaseFirestoreSwift */,
				D9F2D3622A834D29005BE1E4 /* FirebaseStorage */,
			);
			productName = MessageLearn;
			productReference = D9F2D3212A82E197005BE1E4 /* MessageLearn.app */;
			productType = "com.apple.product-type.application";
		};
/* End PBXNativeTarget section */

/* Begin PBXProject section */
		D9F2D3192A82E197005BE1E4 /* Project object */ = {
			isa = PBXProject;
			attributes = {
				BuildIndependentTargetsInParallel = 1;
				LastSwiftUpdateCheck = 1430;
				LastUpgradeCheck = 1430;
				TargetAttributes = {
					D9F2D3202A82E197005BE1E4 = {
						CreatedOnToolsVersion = 14.3.1;
					};
				};
			};
			buildConfigurationList = D9F2D31C2A82E197005BE1E4 /* Build configuration list for PBXProject "MessageLearn" */;
			compatibilityVersion = "Xcode 14.0";
			developmentRegion = en;
			hasScannedForEncodings = 0;
			knownRegions = (
				en,
				Base,
			);
			mainGroup = D9F2D3182A82E197005BE1E4;
			packageReferences = (
				D9F2D35B2A834D29005BE1E4 /* XCRemoteSwiftPackageReference "firebase-ios-sdk" */,
			);
			productRefGroup = D9F2D3222A82E197005BE1E4 /* Products */;
			projectDirPath = "";
			projectRoot = "";
			targets = (
				D9F2D3202A82E197005BE1E4 /* MessageLearn */,
			);
		};
/* End PBXProject section */

/* Begin PBXResourcesBuildPhase section */
		D9F2D31F2A82E197005BE1E4 /* Resources */ = {
			isa = PBXResourcesBuildPhase;
			buildActionMask = 2147483647;
			files = (
				D9F2D32C2A82E198005BE1E4 /* Preview Assets.xcassets in Resources */,
				D9F2D3292A82E198005BE1E4 /* Assets.xcassets in Resources */,
				D9B0C48D2A83E67500F71099 /* GoogleService-Info.plist in Resources */,
			);
			runOnlyForDeploymentPostprocessing = 0;
		};
/* End PBXResourcesBuildPhase section */

/* Begin PBXSourcesBuildPhase section */
		D9F2D31D2A82E197005BE1E4 /* Sources */ = {
			isa = PBXSourcesBuildPhase;
			buildActionMask = 2147483647;
			files = (
				D9F2D3402A82EFF7005BE1E4 /* InboxRowView.swift in Sources */,
				D9F2D3462A82F85C005BE1E4 /* ProfileView.swift in Sources */,
				D9F2D3432A82F58C005BE1E4 /* NewMessageView.swift in Sources */,
				D9F2D36A2A835091005BE1E4 /* LoginViewModel.swift in Sources */,
				D9B0C48B2A83E21C00F71099 /* ContentViewModel.swift in Sources */,
				D9F2D3332A82E2EF005BE1E4 /* LoginView.swift in Sources */,
				D9F2D3542A832C28005BE1E4 /* ChatView.swift in Sources */,
				D9F2D3382A82E8FF005BE1E4 /* RegisterView.swift in Sources */,
				D9B0C4902A83E6BC00F71099 /* User.swift in Sources */,
				D9F2D3562A83336B005BE1E4 /* ChatMessageCell.swift in Sources */,
				D9B0C4822A83549200F71099 /* RegisterViewModel.swift in Sources */,
				D9F2D3582A8336FD005BE1E4 /* ChatBubble.swift in Sources */,
				D9F2D3512A832768005BE1E4 /* CircularProfileImageView.swift in Sources */,
				D9F2D33B2A82EBEC005BE1E4 /* InboxView.swift in Sources */,
				D9F2D33E2A82ED10005BE1E4 /* ActiveNowView.swift in Sources */,
				D9F2D34A2A82FE0B005BE1E4 /* ProfileViewModel.swift in Sources */,
				D9F2D3272A82E197005BE1E4 /* ContentView.swift in Sources */,
				D9F2D3662A834F1F005BE1E4 /* AuthService.swift in Sources */,
				D9F2D3482A82FA70005BE1E4 /* SettingsOptionsViewModel.swift in Sources */,
				D9F2D3252A82E197005BE1E4 /* MessageLearnApp.swift in Sources */,
			);
			runOnlyForDeploymentPostprocessing = 0;
		};
/* End PBXSourcesBuildPhase section */

/* Begin XCBuildConfiguration section */
		D9F2D32D2A82E198005BE1E4 /* Debug */ = {
			isa = XCBuildConfiguration;
			buildSettings = {
				ALWAYS_SEARCH_USER_PATHS = NO;
				CLANG_ANALYZER_NONNULL = YES;
				CLANG_ANALYZER_NUMBER_OBJECT_CONVERSION = YES_AGGRESSIVE;
				CLANG_CXX_LANGUAGE_STANDARD = "gnu++20";
				CLANG_ENABLE_MODULES = YES;
				CLANG_ENABLE_OBJC_ARC = YES;
				CLANG_ENABLE_OBJC_WEAK = YES;
				CLANG_WARN_BLOCK_CAPTURE_AUTORELEASING = YES;
				CLANG_WARN_BOOL_CONVERSION = YES;
				CLANG_WARN_COMMA = YES;
				CLANG_WARN_CONSTANT_CONVERSION = YES;
				CLANG_WARN_DEPRECATED_OBJC_IMPLEMENTATIONS = YES;
				CLANG_WARN_DIRECT_OBJC_ISA_USAGE = YES_ERROR;
				CLANG_WARN_DOCUMENTATION_COMMENTS = YES;
				CLANG_WARN_EMPTY_BODY = YES;
				CLANG_WARN_ENUM_CONVERSION = YES;
				CLANG_WARN_INFINITE_RECURSION = YES;
				CLANG_WARN_INT_CONVERSION = YES;
				CLANG_WARN_NON_LITERAL_NULL_CONVERSION = YES;
				CLANG_WARN_OBJC_IMPLICIT_RETAIN_SELF = YES;
				CLANG_WARN_OBJC_LITERAL_CONVERSION = YES;
				CLANG_WARN_OBJC_ROOT_CLASS = YES_ERROR;
				CLANG_WARN_QUOTED_INCLUDE_IN_FRAMEWORK_HEADER = YES;
				CLANG_WARN_RANGE_LOOP_ANALYSIS = YES;
				CLANG_WARN_STRICT_PROTOTYPES = YES;
				CLANG_WARN_SUSPICIOUS_MOVE = YES;
				CLANG_WARN_UNGUARDED_AVAILABILITY = YES_AGGRESSIVE;
				CLANG_WARN_UNREACHABLE_CODE = YES;
				CLANG_WARN__DUPLICATE_METHOD_MATCH = YES;
				COPY_PHASE_STRIP = NO;
				DEBUG_INFORMATION_FORMAT = dwarf;
				ENABLE_STRICT_OBJC_MSGSEND = YES;
				ENABLE_TESTABILITY = YES;
				GCC_C_LANGUAGE_STANDARD = gnu11;
				GCC_DYNAMIC_NO_PIC = NO;
				GCC_NO_COMMON_BLOCKS = YES;
				GCC_OPTIMIZATION_LEVEL = 0;
				GCC_PREPROCESSOR_DEFINITIONS = (
					"DEBUG=1",
					"$(inherited)",
				);
				GCC_WARN_64_TO_32_BIT_CONVERSION = YES;
				GCC_WARN_ABOUT_RETURN_TYPE = YES_ERROR;
				GCC_WARN_UNDECLARED_SELECTOR = YES;
				GCC_WARN_UNINITIALIZED_AUTOS = YES_AGGRESSIVE;
				GCC_WARN_UNUSED_FUNCTION = YES;
				GCC_WARN_UNUSED_VARIABLE = YES;
				IPHONEOS_DEPLOYMENT_TARGET = 16.4;
				MTL_ENABLE_DEBUG_INFO = INCLUDE_SOURCE;
				MTL_FAST_MATH = YES;
				ONLY_ACTIVE_ARCH = YES;
				SDKROOT = iphoneos;
				SWIFT_ACTIVE_COMPILATION_CONDITIONS = DEBUG;
				SWIFT_OPTIMIZATION_LEVEL = "-Onone";
			};
			name = Debug;
		};
		D9F2D32E2A82E198005BE1E4 /* Release */ = {
			isa = XCBuildConfiguration;
			buildSettings = {
				ALWAYS_SEARCH_USER_PATHS = NO;
				CLANG_ANALYZER_NONNULL = YES;
				CLANG_ANALYZER_NUMBER_OBJECT_CONVERSION = YES_AGGRESSIVE;
				CLANG_CXX_LANGUAGE_STANDARD = "gnu++20";
				CLANG_ENABLE_MODULES = YES;
				CLANG_ENABLE_OBJC_ARC = YES;
				CLANG_ENABLE_OBJC_WEAK = YES;
				CLANG_WARN_BLOCK_CAPTURE_AUTORELEASING = YES;
				CLANG_WARN_BOOL_CONVERSION = YES;
				CLANG_WARN_COMMA = YES;
				CLANG_WARN_CONSTANT_CONVERSION = YES;
				CLANG_WARN_DEPRECATED_OBJC_IMPLEMENTATIONS = YES;
				CLANG_WARN_DIRECT_OBJC_ISA_USAGE = YES_ERROR;
				CLANG_WARN_DOCUMENTATION_COMMENTS = YES;
				CLANG_WARN_EMPTY_BODY = YES;
				CLANG_WARN_ENUM_CONVERSION = YES;
				CLANG_WARN_INFINITE_RECURSION = YES;
				CLANG_WARN_INT_CONVERSION = YES;
				CLANG_WARN_NON_LITERAL_NULL_CONVERSION = YES;
				CLANG_WARN_OBJC_IMPLICIT_RETAIN_SELF = YES;
				CLANG_WARN_OBJC_LITERAL_CONVERSION = YES;
				CLANG_WARN_OBJC_ROOT_CLASS = YES_ERROR;
				CLANG_WARN_QUOTED_INCLUDE_IN_FRAMEWORK_HEADER = YES;
				CLANG_WARN_RANGE_LOOP_ANALYSIS = YES;
				CLANG_WARN_STRICT_PROTOTYPES = YES;
				CLANG_WARN_SUSPICIOUS_MOVE = YES;
				CLANG_WARN_UNGUARDED_AVAILABILITY = YES_AGGRESSIVE;
				CLANG_WARN_UNREACHABLE_CODE = YES;
				CLANG_WARN__DUPLICATE_METHOD_MATCH = YES;
				COPY_PHASE_STRIP = NO;
				DEBUG_INFORMATION_FORMAT = "dwarf-with-dsym";
				ENABLE_NS_ASSERTIONS = NO;
				ENABLE_STRICT_OBJC_MSGSEND = YES;
				GCC_C_LANGUAGE_STANDARD = gnu11;
				GCC_NO_COMMON_BLOCKS = YES;
				GCC_WARN_64_TO_32_BIT_CONVERSION = YES;
				GCC_WARN_ABOUT_RETURN_TYPE = YES_ERROR;
				GCC_WARN_UNDECLARED_SELECTOR = YES;
				GCC_WARN_UNINITIALIZED_AUTOS = YES_AGGRESSIVE;
				GCC_WARN_UNUSED_FUNCTION = YES;
				GCC_WARN_UNUSED_VARIABLE = YES;
				IPHONEOS_DEPLOYMENT_TARGET = 16.4;
				MTL_ENABLE_DEBUG_INFO = NO;
				MTL_FAST_MATH = YES;
				SDKROOT = iphoneos;
				SWIFT_COMPILATION_MODE = wholemodule;
				SWIFT_OPTIMIZATION_LEVEL = "-O";
				VALIDATE_PRODUCT = YES;
			};
			name = Release;
		};
		D9F2D3302A82E198005BE1E4 /* Debug */ = {
			isa = XCBuildConfiguration;
			buildSettings = {
				ASSETCATALOG_COMPILER_APPICON_NAME = AppIcon;
				ASSETCATALOG_COMPILER_GLOBAL_ACCENT_COLOR_NAME = AccentColor;
				CODE_SIGN_STYLE = Automatic;
				CURRENT_PROJECT_VERSION = 1;
				DEVELOPMENT_ASSET_PATHS = "\"MessageLearn/Preview Content\"";
				DEVELOPMENT_TEAM = 3X4KKG8DJ2;
				ENABLE_PREVIEWS = YES;
				GENERATE_INFOPLIST_FILE = YES;
				INFOPLIST_KEY_UIApplicationSceneManifest_Generation = YES;
				INFOPLIST_KEY_UIApplicationSupportsIndirectInputEvents = YES;
				INFOPLIST_KEY_UILaunchScreen_Generation = YES;
				INFOPLIST_KEY_UISupportedInterfaceOrientations_iPad = "UIInterfaceOrientationPortrait UIInterfaceOrientationPortraitUpsideDown UIInterfaceOrientationLandscapeLeft UIInterfaceOrientationLandscapeRight";
				INFOPLIST_KEY_UISupportedInterfaceOrientations_iPhone = "UIInterfaceOrientationPortrait UIInterfaceOrientationLandscapeLeft UIInterfaceOrientationLandscapeRight";
				LD_RUNPATH_SEARCH_PATHS = (
					"$(inherited)",
					"@executable_path/Frameworks",
				);
				MARKETING_VERSION = 1.0;
				PRODUCT_BUNDLE_IDENTIFIER = hula05.MessageLearn;
				PRODUCT_NAME = "$(TARGET_NAME)";
				SWIFT_EMIT_LOC_STRINGS = YES;
				SWIFT_VERSION = 5.0;
				TARGETED_DEVICE_FAMILY = "1,2";
			};
			name = Debug;
		};
		D9F2D3312A82E198005BE1E4 /* Release */ = {
			isa = XCBuildConfiguration;
			buildSettings = {
				ASSETCATALOG_COMPILER_APPICON_NAME = AppIcon;
				ASSETCATALOG_COMPILER_GLOBAL_ACCENT_COLOR_NAME = AccentColor;
				CODE_SIGN_STYLE = Automatic;
				CURRENT_PROJECT_VERSION = 1;
				DEVELOPMENT_ASSET_PATHS = "\"MessageLearn/Preview Content\"";
				DEVELOPMENT_TEAM = 3X4KKG8DJ2;
				ENABLE_PREVIEWS = YES;
				GENERATE_INFOPLIST_FILE = YES;
				INFOPLIST_KEY_UIApplicationSceneManifest_Generation = YES;
				INFOPLIST_KEY_UIApplicationSupportsIndirectInputEvents = YES;
				INFOPLIST_KEY_UILaunchScreen_Generation = YES;
				INFOPLIST_KEY_UISupportedInterfaceOrientations_iPad = "UIInterfaceOrientationPortrait UIInterfaceOrientationPortraitUpsideDown UIInterfaceOrientationLandscapeLeft UIInterfaceOrientationLandscapeRight";
				INFOPLIST_KEY_UISupportedInterfaceOrientations_iPhone = "UIInterfaceOrientationPortrait UIInterfaceOrientationLandscapeLeft UIInterfaceOrientationLandscapeRight";
				LD_RUNPATH_SEARCH_PATHS = (
					"$(inherited)",
					"@executable_path/Frameworks",
				);
				MARKETING_VERSION = 1.0;
				PRODUCT_BUNDLE_IDENTIFIER = hula05.MessageLearn;
				PRODUCT_NAME = "$(TARGET_NAME)";
				SWIFT_EMIT_LOC_STRINGS = YES;
				SWIFT_VERSION = 5.0;
				TARGETED_DEVICE_FAMILY = "1,2";
			};
			name = Release;
		};
/* End XCBuildConfiguration section */

/* Begin XCConfigurationList section */
		D9F2D31C2A82E197005BE1E4 /* Build configuration list for PBXProject "MessageLearn" */ = {
			isa = XCConfigurationList;
			buildConfigurations = (
				D9F2D32D2A82E198005BE1E4 /* Debug */,
				D9F2D32E2A82E198005BE1E4 /* Release */,
			);
			defaultConfigurationIsVisible = 0;
			defaultConfigurationName = Release;
		};
		D9F2D32F2A82E198005BE1E4 /* Build configuration list for PBXNativeTarget "MessageLearn" */ = {
			isa = XCConfigurationList;
			buildConfigurations = (
				D9F2D3302A82E198005BE1E4 /* Debug */,
				D9F2D3312A82E198005BE1E4 /* Release */,
			);
			defaultConfigurationIsVisible = 0;
			defaultConfigurationName = Release;
		};
/* End XCConfigurationList section */

/* Begin XCRemoteSwiftPackageReference section */
		D9F2D35B2A834D29005BE1E4 /* XCRemoteSwiftPackageReference "firebase-ios-sdk" */ = {
			isa = XCRemoteSwiftPackageReference;
			repositoryURL = "https://github.com/firebase/firebase-ios-sdk";
			requirement = {
				kind = upToNextMajorVersion;
				minimumVersion = 10.0.0;
			};
		};
/* End XCRemoteSwiftPackageReference section */

/* Begin XCSwiftPackageProductDependency section */
		D9F2D35C2A834D29005BE1E4 /* FirebaseAuth */ = {
			isa = XCSwiftPackageProductDependency;
			package = D9F2D35B2A834D29005BE1E4 /* XCRemoteSwiftPackageReference "firebase-ios-sdk" */;
			productName = FirebaseAuth;
		};
		D9F2D35E2A834D29005BE1E4 /* FirebaseFirestore */ = {
			isa = XCSwiftPackageProductDependency;
			package = D9F2D35B2A834D29005BE1E4 /* XCRemoteSwiftPackageReference "firebase-ios-sdk" */;
			productName = FirebaseFirestore;
		};
		D9F2D3602A834D29005BE1E4 /* FirebaseFirestoreSwift */ = {
			isa = XCSwiftPackageProductDependency;
			package = D9F2D35B2A834D29005BE1E4 /* XCRemoteSwiftPackageReference "firebase-ios-sdk" */;
			productName = FirebaseFirestoreSwift;
		};
		D9F2D3622A834D29005BE1E4 /* FirebaseStorage */ = {
			isa = XCSwiftPackageProductDependency;
			package = D9F2D35B2A834D29005BE1E4 /* XCRemoteSwiftPackageReference "firebase-ios-sdk" */;
			productName = FirebaseStorage;
		};
/* End XCSwiftPackageProductDependency section */
	};
	rootObject = D9F2D3192A82E197005BE1E4 /* Project object */;
}
